
Microsoft Visual Studio Solution File, Format Version 12.00
# Visual Studio Version 16
VisualStudioVersion = 16.0.30907.101
MinimumVisualStudioVersion = 10.0.40219.1
Project("{9A19103F-16F7-4668-BE54-9A1E7A4F7556}") = "Entities", "Entities\Entities.csproj", "{0A8C8C54-4C6F-4A33-BDE1-65905EBC2006}"
EndProject
Project("{9A19103F-16F7-4668-BE54-9A1E7A4F7556}") = "DataAccess", "DataAccess\DataAccess.csproj", "{24D1DDFB-C923-4227-AB3D-181D7B8DC6C3}"
EndProject
Project("{9A19103F-16F7-4668-BE54-9A1E7A4F7556}") = "Business", "Business\Business.csproj", "{FC741ED8-B085-4588-9C00-656F50257248}"
EndProject
Project("{9A19103F-16F7-4668-BE54-9A1E7A4F7556}") = "ConsoleUI", "ConsoleUI\ConsoleUI.csproj", "{D4290624-1F7F-4C9F-834D-2060FCFFB4FB}"
EndProject
Project("{9A19103F-16F7-4668-BE54-9A1E7A4F7556}") = "Core", "Core\Core.csproj", "{8EDCA7CF-416E-4605-AE83-CBCB0DDC096F}"
EndProject
Project("{FAE04EC0-301F-11D3-BF4B-00C04F79EFBC}") = "WebAPI", "WebAPI\WebAPI.csproj", "{BC8C7644-9454-4227-851F-3C92FD59A4CE}"
EndProject
Global
	GlobalSection(SolutionConfigurationPlatforms) = preSolution
		Debug|Any CPU = Debug|Any CPU
		Release|Any CPU = Release|Any CPU
	EndGlobalSection
	GlobalSection(ProjectConfigurationPlatforms) = postSolution
		{0A8C8C54-4C6F-4A33-BDE1-65905EBC2006}.Debug|Any CPU.ActiveCfg = Debug|Any CPU
		{0A8C8C54-4C6F-4A33-BDE1-65905EBC2006}.Debug|Any CPU.Build.0 = Debug|Any CPU
		{0A8C8C54-4C6F-4A33-BDE1-65905EBC2006}.Release|Any CPU.ActiveCfg = Release|Any CPU
		{0A8C8C54-4C6F-4A33-BDE1-65905EBC2006}.Release|Any CPU.Build.0 = Release|Any CPU
		{24D1DDFB-C923-4227-AB3D-181D7B8DC6C3}.Debug|Any CPU.ActiveCfg = Debug|Any CPU
		{24D1DDFB-C923-4227-AB3D-181D7B8DC6C3}.Debug|Any CPU.Build.0 = Debug|Any CPU
		{24D1DDFB-C923-4227-AB3D-181D7B8DC6C3}.Release|Any CPU.ActiveCfg = Release|Any CPU
		{24D1DDFB-C923-4227-AB3D-181D7B8DC6C3}.Release|Any CPU.Build.0 = Release|Any CPU
		{FC741ED8-B085-4588-9C00-656F50257248}.Debug|Any CPU.ActiveCfg = Debug|Any CPU
		{FC741ED8-B085-4588-9C00-656F50257248}.Debug|Any CPU.Build.0 = Debug|Any CPU
		{FC741ED8-B085-4588-9C00-656F50257248}.Release|Any CPU.ActiveCfg = Release|Any CPU
		{FC741ED8-B085-4588-9C00-656F50257248}.Release|Any CPU.Build.0 = Release|Any CPU
		{D4290624-1F7F-4C9F-834D-2060FCFFB4FB}.Debug|Any CPU.ActiveCfg = Debug|Any CPU
		{D4290624-1F7F-4C9F-834D-2060FCFFB4FB}.Debug|Any CPU.Build.0 = Debug|Any CPU
		{D4290624-1F7F-4C9F-834D-2060FCFFB4FB}.Release|Any CPU.ActiveCfg = Release|Any CPU
		{D4290624-1F7F-4C9F-834D-2060FCFFB4FB}.Release|Any CPU.Build.0 = Release|Any CPU
		{8EDCA7CF-416E-4605-AE83-CBCB0DDC096F}.Debug|Any CPU.ActiveCfg = Debug|Any CPU
		{8EDCA7CF-416E-4605-AE83-CBCB0DDC096F}.Debug|Any CPU.Build.0 = Debug|Any CPU
		{8EDCA7CF-416E-4605-AE83-CBCB0DDC096F}.Release|Any CPU.ActiveCfg = Release|Any CPU
		{8EDCA7CF-416E-4605-AE83-CBCB0DDC096F}.Release|Any CPU.Build.0 = Release|Any CPU
		{BC8C7644-9454-4227-851F-3C92FD59A4CE}.Debug|Any CPU.ActiveCfg = Debug|Any CPU
		{BC8C7644-9454-4227-851F-3C92FD59A4CE}.Debug|Any CPU.Build.0 = Debug|Any CPU
		{BC8C7644-9454-4227-851F-3C92FD59A4CE}.Release|Any CPU.ActiveCfg = Release|Any CPU
		{BC8C7644-9454-4227-851F-3C92FD59A4CE}.Release|Any CPU.Build.0 = Release|Any CPU
	EndGlobalSection
	GlobalSection(SolutionProperties) = preSolution
		HideSolutionNode = FALSE
	EndGlobalSection
	GlobalSection(ExtensibilityGlobals) = postSolution
		SolutionGuid = {058C2169-8E44-43E2-B23C-5F8BA7218458}
	EndGlobalSection
EndGlobal
